
Microsoft Visual Studio Solution File, Format Version 12.00
# Visual Studio Version 17
VisualStudioVersion = 17.6.33815.320
MinimumVisualStudioVersion = 10.0.40219.1
Project("{FAE04EC0-301F-11D3-BF4B-00C04F79EFBC}") = "Looping Statements", "Looping Statements\Looping Statements.csproj", "{12D39D45-0559-4A1B-9267-9698EBF287AB}"
EndProject
Global
	GlobalSection(SolutionConfigurationPlatforms) = preSolution
		Debug|Any CPU = Debug|Any CPU
		Release|Any CPU = Release|Any CPU
	EndGlobalSection
	GlobalSection(ProjectConfigurationPlatforms) = postSolution
		{12D39D45-0559-4A1B-9267-9698EBF287AB}.Debug|Any CPU.ActiveCfg = Debug|Any CPU
		{12D39D45-0559-4A1B-9267-9698EBF287AB}.Debug|Any CPU.Build.0 = Debug|Any CPU
		{12D39D45-0559-4A1B-9267-9698EBF287AB}.Release|Any CPU.ActiveCfg = Release|Any CPU
		{12D39D45-0559-4A1B-9267-9698EBF287AB}.Release|Any CPU.Build.0 = Release|Any CPU
	EndGlobalSection
	GlobalSection(SolutionProperties) = preSolution
		HideSolutionNode = FALSE
	EndGlobalSection
	GlobalSection(ExtensibilityGlobals) = postSolution
		SolutionGuid = {72205F6E-A354-47B5-AC6F-97305CF6C4AF}
	EndGlobalSection
EndGlobal
