
Microsoft Visual Studio Solution File, Format Version 12.00
# Visual Studio Version 17
VisualStudioVersion = 17.6.33815.320
MinimumVisualStudioVersion = 10.0.40219.1
Project("{FAE04EC0-301F-11D3-BF4B-00C04F79EFBC}") = "Variables", "Variables\Variables.csproj", "{AC853A20-005F-4738-8321-22F0BCAB8617}"
EndProject
Global
	GlobalSection(SolutionConfigurationPlatforms) = preSolution
		Debug|Any CPU = Debug|Any CPU
		Release|Any CPU = Release|Any CPU
	EndGlobalSection
	GlobalSection(ProjectConfigurationPlatforms) = postSolution
		{AC853A20-005F-4738-8321-22F0BCAB8617}.Debug|Any CPU.ActiveCfg = Debug|Any CPU
		{AC853A20-005F-4738-8321-22F0BCAB8617}.Debug|Any CPU.Build.0 = Debug|Any CPU
		{AC853A20-005F-4738-8321-22F0BCAB8617}.Release|Any CPU.ActiveCfg = Release|Any CPU
		{AC853A20-005F-4738-8321-22F0BCAB8617}.Release|Any CPU.Build.0 = Release|Any CPU
	EndGlobalSection
	GlobalSection(SolutionProperties) = preSolution
		HideSolutionNode = FALSE
	EndGlobalSection
	GlobalSection(ExtensibilityGlobals) = postSolution
		SolutionGuid = {0A25A75A-721B-4FC2-9CD2-63301F432395}
	EndGlobalSection
EndGlobal
