
Microsoft Visual Studio Solution File, Format Version 12.00
# Visual Studio Version 17
VisualStudioVersion = 17.6.33815.320
MinimumVisualStudioVersion = 10.0.40219.1
Project("{FAE04EC0-301F-11D3-BF4B-00C04F79EFBC}") = "This Keywords", "This Keywords\This Keywords.csproj", "{5828BF8C-0049-4B5F-8B63-0F6EAA0C88B3}"
EndProject
Global
	GlobalSection(SolutionConfigurationPlatforms) = preSolution
		Debug|Any CPU = Debug|Any CPU
		Release|Any CPU = Release|Any CPU
	EndGlobalSection
	GlobalSection(ProjectConfigurationPlatforms) = postSolution
		{5828BF8C-0049-4B5F-8B63-0F6EAA0C88B3}.Debug|Any CPU.ActiveCfg = Debug|Any CPU
		{5828BF8C-0049-4B5F-8B63-0F6EAA0C88B3}.Debug|Any CPU.Build.0 = Debug|Any CPU
		{5828BF8C-0049-4B5F-8B63-0F6EAA0C88B3}.Release|Any CPU.ActiveCfg = Release|Any CPU
		{5828BF8C-0049-4B5F-8B63-0F6EAA0C88B3}.Release|Any CPU.Build.0 = Release|Any CPU
	EndGlobalSection
	GlobalSection(SolutionProperties) = preSolution
		HideSolutionNode = FALSE
	EndGlobalSection
	GlobalSection(ExtensibilityGlobals) = postSolution
		SolutionGuid = {34526595-22C3-4BFA-BF45-BDC94614C7B2}
	EndGlobalSection
EndGlobal
