
Microsoft Visual Studio Solution File, Format Version 12.00
# Visual Studio Version 17
VisualStudioVersion = 17.6.33815.320
MinimumVisualStudioVersion = 10.0.40219.1
Project("{FAE04EC0-301F-11D3-BF4B-00C04F79EFBC}") = "Anonymous Data", "Anonymous Data\Anonymous Data.csproj", "{69D41B43-36AC-439A-9C23-6D2CB317A4B3}"
EndProject
Global
	GlobalSection(SolutionConfigurationPlatforms) = preSolution
		Debug|Any CPU = Debug|Any CPU
		Release|Any CPU = Release|Any CPU
	EndGlobalSection
	GlobalSection(ProjectConfigurationPlatforms) = postSolution
		{69D41B43-36AC-439A-9C23-6D2CB317A4B3}.Debug|Any CPU.ActiveCfg = Debug|Any CPU
		{69D41B43-36AC-439A-9C23-6D2CB317A4B3}.Debug|Any CPU.Build.0 = Debug|Any CPU
		{69D41B43-36AC-439A-9C23-6D2CB317A4B3}.Release|Any CPU.ActiveCfg = Release|Any CPU
		{69D41B43-36AC-439A-9C23-6D2CB317A4B3}.Release|Any CPU.Build.0 = Release|Any CPU
	EndGlobalSection
	GlobalSection(SolutionProperties) = preSolution
		HideSolutionNode = FALSE
	EndGlobalSection
	GlobalSection(ExtensibilityGlobals) = postSolution
		SolutionGuid = {1BCDF4FA-6A61-409B-AB89-4F93F5FE935F}
	EndGlobalSection
EndGlobal
